# This file is automatically @generated by Cargo.
# It is not intended for manual editing.
version = 4

[[package]]
name = "isyncyou-api"
version = "0.1.0"

[[package]]
name = "isyncyou-change-source"
version = "0.1.0"

[[package]]
name = "isyncyou-cli"
version = "0.1.0"

[[package]]
name = "isyncyou-connectors"
version = "0.1.0"

[[package]]
name = "isyncyou-core"
version = "0.1.0"

[[package]]
name = "isyncyou-daemon"
version = "0.1.0"

[[package]]
name = "isyncyou-doctor"
version = "0.1.0"

[[package]]
name = "isyncyou-doctor-lib"
version = "0.1.0"

[[package]]
name = "isyncyou-graph"
version = "0.1.0"

[[package]]
name = "isyncyou-ipc-types"
version = "0.1.0"

[[package]]
name = "isyncyou-pathmap"
version = "0.1.0"

[[package]]
name = "isyncyou-pbs"
version = "0.1.0"

[[package]]
name = "isyncyou-statusbar"
version = "0.1.0"

[[package]]
name = "isyncyou-store"
version = "0.1.0"
